
Microsoft Visual Studio Solution File, Format Version 12.00
# Visual Studio Version 16
VisualStudioVersion = 16.0.32002.261
MinimumVisualStudioVersion = 10.0.40219.1
Project("{FAE04EC0-301F-11D3-BF4B-00C04F79EFBC}") = "outdatedpackages-core", "outdatedpackages-core.csproj", "{BAB95953-7C1B-4C52-B12C-2FA7B896A9EC}"
EndProject
Global
	GlobalSection(SolutionConfigurationPlatforms) = preSolution
		Debug|Any CPU = Debug|Any CPU
		Release|Any CPU = Release|Any CPU
	EndGlobalSection
	GlobalSection(ProjectConfigurationPlatforms) = postSolution
		{BAB95953-7C1B-4C52-B12C-2FA7B896A9EC}.Debug|Any CPU.ActiveCfg = Debug|Any CPU
		{BAB95953-7C1B-4C52-B12C-2FA7B896A9EC}.Debug|Any CPU.Build.0 = Debug|Any CPU
		{BAB95953-7C1B-4C52-B12C-2FA7B896A9EC}.Release|Any CPU.ActiveCfg = Release|Any CPU
		{BAB95953-7C1B-4C52-B12C-2FA7B896A9EC}.Release|Any CPU.Build.0 = Release|Any CPU
	EndGlobalSection
	GlobalSection(SolutionProperties) = preSolution
		HideSolutionNode = FALSE
	EndGlobalSection
	GlobalSection(ExtensibilityGlobals) = postSolution
		SolutionGuid = {0A9167AF-5C07-473B-BB46-EF2912CED323}
	EndGlobalSection
EndGlobal
